
Microsoft Visual Studio Solution File, Format Version 12.00
# Visual Studio Version 17
VisualStudioVersion = 17.0.32112.339
MinimumVisualStudioVersion = 10.0.40219.1
Project("{FAE04EC0-301F-11D3-BF4B-00C04F79EFBC}") = "Stealer", "Stealer\Stealer.csproj", "{14D51DFC-4C8A-47E4-B899-495D039BF622}"
EndProject
Project("{FAE04EC0-301F-11D3-BF4B-00C04F79EFBC}") = "AuthorProblem", "AuthorProblem\AuthorProblem.csproj", "{59ECD882-790D-4150-A5CA-E0B8702FDED2}"
EndProject
Global
	GlobalSection(SolutionConfigurationPlatforms) = preSolution
		Debug|Any CPU = Debug|Any CPU
		Release|Any CPU = Release|Any CPU
	EndGlobalSection
	GlobalSection(ProjectConfigurationPlatforms) = postSolution
		{14D51DFC-4C8A-47E4-B899-495D039BF622}.Debug|Any CPU.ActiveCfg = Debug|Any CPU
		{14D51DFC-4C8A-47E4-B899-495D039BF622}.Debug|Any CPU.Build.0 = Debug|Any CPU
		{14D51DFC-4C8A-47E4-B899-495D039BF622}.Release|Any CPU.ActiveCfg = Release|Any CPU
		{14D51DFC-4C8A-47E4-B899-495D039BF622}.Release|Any CPU.Build.0 = Release|Any CPU
		{59ECD882-790D-4150-A5CA-E0B8702FDED2}.Debug|Any CPU.ActiveCfg = Debug|Any CPU
		{59ECD882-790D-4150-A5CA-E0B8702FDED2}.Debug|Any CPU.Build.0 = Debug|Any CPU
		{59ECD882-790D-4150-A5CA-E0B8702FDED2}.Release|Any CPU.ActiveCfg = Release|Any CPU
		{59ECD882-790D-4150-A5CA-E0B8702FDED2}.Release|Any CPU.Build.0 = Release|Any CPU
	EndGlobalSection
	GlobalSection(SolutionProperties) = preSolution
		HideSolutionNode = FALSE
	EndGlobalSection
	GlobalSection(ExtensibilityGlobals) = postSolution
		SolutionGuid = {75B0763C-76BE-4005-8429-22B671737AA1}
	EndGlobalSection
EndGlobal
