
Microsoft Visual Studio Solution File, Format Version 12.00
# Visual Studio Version 17
VisualStudioVersion = 17.0.32112.339
MinimumVisualStudioVersion = 10.0.40219.1
Project("{9A19103F-16F7-4668-BE54-9A1E7A4F7556}") = "01.SecretChat", "01.SecretChat\01.SecretChat.csproj", "{6E916D99-199A-4927-8112-4717BC89055C}"
EndProject
Project("{9A19103F-16F7-4668-BE54-9A1E7A4F7556}") = "02.MirrorWords", "02.MirrorWords\02.MirrorWords.csproj", "{7B6097E1-3393-459D-9BAD-8D06904BE48D}"
EndProject
Project("{9A19103F-16F7-4668-BE54-9A1E7A4F7556}") = "03.NeedForSpeed", "03.NeedForSpeed\03.NeedForSpeed.csproj", "{1A69E4BC-5C70-4848-AA33-9B45538922D2}"
EndProject
Global
	GlobalSection(SolutionConfigurationPlatforms) = preSolution
		Debug|Any CPU = Debug|Any CPU
		Release|Any CPU = Release|Any CPU
	EndGlobalSection
	GlobalSection(ProjectConfigurationPlatforms) = postSolution
		{6E916D99-199A-4927-8112-4717BC89055C}.Debug|Any CPU.ActiveCfg = Debug|Any CPU
		{6E916D99-199A-4927-8112-4717BC89055C}.Debug|Any CPU.Build.0 = Debug|Any CPU
		{6E916D99-199A-4927-8112-4717BC89055C}.Release|Any CPU.ActiveCfg = Release|Any CPU
		{6E916D99-199A-4927-8112-4717BC89055C}.Release|Any CPU.Build.0 = Release|Any CPU
		{7B6097E1-3393-459D-9BAD-8D06904BE48D}.Debug|Any CPU.ActiveCfg = Debug|Any CPU
		{7B6097E1-3393-459D-9BAD-8D06904BE48D}.Debug|Any CPU.Build.0 = Debug|Any CPU
		{7B6097E1-3393-459D-9BAD-8D06904BE48D}.Release|Any CPU.ActiveCfg = Release|Any CPU
		{7B6097E1-3393-459D-9BAD-8D06904BE48D}.Release|Any CPU.Build.0 = Release|Any CPU
		{1A69E4BC-5C70-4848-AA33-9B45538922D2}.Debug|Any CPU.ActiveCfg = Debug|Any CPU
		{1A69E4BC-5C70-4848-AA33-9B45538922D2}.Debug|Any CPU.Build.0 = Debug|Any CPU
		{1A69E4BC-5C70-4848-AA33-9B45538922D2}.Release|Any CPU.ActiveCfg = Release|Any CPU
		{1A69E4BC-5C70-4848-AA33-9B45538922D2}.Release|Any CPU.Build.0 = Release|Any CPU
	EndGlobalSection
	GlobalSection(SolutionProperties) = preSolution
		HideSolutionNode = FALSE
	EndGlobalSection
	GlobalSection(ExtensibilityGlobals) = postSolution
		SolutionGuid = {C680FD2F-7F70-45E3-BEA8-643AE4C9C629}
	EndGlobalSection
EndGlobal
