
Microsoft Visual Studio Solution File, Format Version 12.00
# Visual Studio Version 17
VisualStudioVersion = 17.0.32112.339
MinimumVisualStudioVersion = 10.0.40219.1
Project("{FAE04EC0-301F-11D3-BF4B-00C04F79EFBC}") = "Associative Arrays", "Associative Arrays\Associative Arrays.csproj", "{65411C9F-F956-4E7B-BF7B-3A2BCDA74D48}"
EndProject
Project("{FAE04EC0-301F-11D3-BF4B-00C04F79EFBC}") = "02. Odd Occurrences", "02. Odd Occurrences\02. Odd Occurrences.csproj", "{B369445E-3224-49B0-A740-2F927B7B0656}"
EndProject
Project("{FAE04EC0-301F-11D3-BF4B-00C04F79EFBC}") = "03. Word Synonyms", "03. Word Synonyms\03. Word Synonyms.csproj", "{AD37FD9B-C8BA-4284-A744-419E311B7D01}"
EndProject
Project("{FAE04EC0-301F-11D3-BF4B-00C04F79EFBC}") = "04. Word Filter", "04. Word Filter\04. Word Filter.csproj", "{85C8A0F1-53F8-4875-A2B6-D9A342D66741}"
EndProject
Project("{FAE04EC0-301F-11D3-BF4B-00C04F79EFBC}") = "01. Count Chars in a String", "01. Count Chars in a String\01. Count Chars in a String.csproj", "{1B504E5D-1618-4249-BC8C-9BE0EC898331}"
EndProject
Project("{FAE04EC0-301F-11D3-BF4B-00C04F79EFBC}") = "02. A Miner Task", "02. A Miner Task\02. A Miner Task.csproj", "{BEF94FC3-7F6E-4FA6-9758-1FCF2463C388}"
EndProject
Project("{FAE04EC0-301F-11D3-BF4B-00C04F79EFBC}") = "04. Orders", "04. Orders\04. Orders.csproj", "{0487D314-9479-4FE7-9818-44246A55835E}"
EndProject
Project("{FAE04EC0-301F-11D3-BF4B-00C04F79EFBC}") = "05. SoftUni Parking", "05. SoftUni Parking\05. SoftUni Parking.csproj", "{B3001659-4135-4142-ABE6-7FA5817F676F}"
EndProject
Global
	GlobalSection(SolutionConfigurationPlatforms) = preSolution
		Debug|Any CPU = Debug|Any CPU
		Release|Any CPU = Release|Any CPU
	EndGlobalSection
	GlobalSection(ProjectConfigurationPlatforms) = postSolution
		{65411C9F-F956-4E7B-BF7B-3A2BCDA74D48}.Debug|Any CPU.ActiveCfg = Debug|Any CPU
		{65411C9F-F956-4E7B-BF7B-3A2BCDA74D48}.Debug|Any CPU.Build.0 = Debug|Any CPU
		{65411C9F-F956-4E7B-BF7B-3A2BCDA74D48}.Release|Any CPU.ActiveCfg = Release|Any CPU
		{65411C9F-F956-4E7B-BF7B-3A2BCDA74D48}.Release|Any CPU.Build.0 = Release|Any CPU
		{B369445E-3224-49B0-A740-2F927B7B0656}.Debug|Any CPU.ActiveCfg = Debug|Any CPU
		{B369445E-3224-49B0-A740-2F927B7B0656}.Debug|Any CPU.Build.0 = Debug|Any CPU
		{B369445E-3224-49B0-A740-2F927B7B0656}.Release|Any CPU.ActiveCfg = Release|Any CPU
		{B369445E-3224-49B0-A740-2F927B7B0656}.Release|Any CPU.Build.0 = Release|Any CPU
		{AD37FD9B-C8BA-4284-A744-419E311B7D01}.Debug|Any CPU.ActiveCfg = Debug|Any CPU
		{AD37FD9B-C8BA-4284-A744-419E311B7D01}.Debug|Any CPU.Build.0 = Debug|Any CPU
		{AD37FD9B-C8BA-4284-A744-419E311B7D01}.Release|Any CPU.ActiveCfg = Release|Any CPU
		{AD37FD9B-C8BA-4284-A744-419E311B7D01}.Release|Any CPU.Build.0 = Release|Any CPU
		{85C8A0F1-53F8-4875-A2B6-D9A342D66741}.Debug|Any CPU.ActiveCfg = Debug|Any CPU
		{85C8A0F1-53F8-4875-A2B6-D9A342D66741}.Debug|Any CPU.Build.0 = Debug|Any CPU
		{85C8A0F1-53F8-4875-A2B6-D9A342D66741}.Release|Any CPU.ActiveCfg = Release|Any CPU
		{85C8A0F1-53F8-4875-A2B6-D9A342D66741}.Release|Any CPU.Build.0 = Release|Any CPU
		{1B504E5D-1618-4249-BC8C-9BE0EC898331}.Debug|Any CPU.ActiveCfg = Debug|Any CPU
		{1B504E5D-1618-4249-BC8C-9BE0EC898331}.Debug|Any CPU.Build.0 = Debug|Any CPU
		{1B504E5D-1618-4249-BC8C-9BE0EC898331}.Release|Any CPU.ActiveCfg = Release|Any CPU
		{1B504E5D-1618-4249-BC8C-9BE0EC898331}.Release|Any CPU.Build.0 = Release|Any CPU
		{BEF94FC3-7F6E-4FA6-9758-1FCF2463C388}.Debug|Any CPU.ActiveCfg = Debug|Any CPU
		{BEF94FC3-7F6E-4FA6-9758-1FCF2463C388}.Debug|Any CPU.Build.0 = Debug|Any CPU
		{BEF94FC3-7F6E-4FA6-9758-1FCF2463C388}.Release|Any CPU.ActiveCfg = Release|Any CPU
		{BEF94FC3-7F6E-4FA6-9758-1FCF2463C388}.Release|Any CPU.Build.0 = Release|Any CPU
		{0487D314-9479-4FE7-9818-44246A55835E}.Debug|Any CPU.ActiveCfg = Debug|Any CPU
		{0487D314-9479-4FE7-9818-44246A55835E}.Debug|Any CPU.Build.0 = Debug|Any CPU
		{0487D314-9479-4FE7-9818-44246A55835E}.Release|Any CPU.ActiveCfg = Release|Any CPU
		{0487D314-9479-4FE7-9818-44246A55835E}.Release|Any CPU.Build.0 = Release|Any CPU
		{B3001659-4135-4142-ABE6-7FA5817F676F}.Debug|Any CPU.ActiveCfg = Debug|Any CPU
		{B3001659-4135-4142-ABE6-7FA5817F676F}.Debug|Any CPU.Build.0 = Debug|Any CPU
		{B3001659-4135-4142-ABE6-7FA5817F676F}.Release|Any CPU.ActiveCfg = Release|Any CPU
		{B3001659-4135-4142-ABE6-7FA5817F676F}.Release|Any CPU.Build.0 = Release|Any CPU
	EndGlobalSection
	GlobalSection(SolutionProperties) = preSolution
		HideSolutionNode = FALSE
	EndGlobalSection
	GlobalSection(ExtensibilityGlobals) = postSolution
		SolutionGuid = {08230FDD-E325-42AB-B8DD-F1CB332E7F1D}
	EndGlobalSection
EndGlobal
