
Microsoft Visual Studio Solution File, Format Version 12.00
# Visual Studio Version 17
VisualStudioVersion = 17.4.33403.182
MinimumVisualStudioVersion = 10.0.40219.1
Project("{FAE04EC0-301F-11D3-BF4B-00C04F79EFBC}") = "NumbersExer", "NumbersExer\NumbersExer.csproj", "{F12C4E8B-4A6D-4967-B658-4C9AC6D36E39}"
EndProject
Global
	GlobalSection(SolutionConfigurationPlatforms) = preSolution
		Debug|Any CPU = Debug|Any CPU
		Release|Any CPU = Release|Any CPU
	EndGlobalSection
	GlobalSection(ProjectConfigurationPlatforms) = postSolution
		{F12C4E8B-4A6D-4967-B658-4C9AC6D36E39}.Debug|Any CPU.ActiveCfg = Debug|Any CPU
		{F12C4E8B-4A6D-4967-B658-4C9AC6D36E39}.Debug|Any CPU.Build.0 = Debug|Any CPU
		{F12C4E8B-4A6D-4967-B658-4C9AC6D36E39}.Release|Any CPU.ActiveCfg = Release|Any CPU
		{F12C4E8B-4A6D-4967-B658-4C9AC6D36E39}.Release|Any CPU.Build.0 = Release|Any CPU
	EndGlobalSection
	GlobalSection(SolutionProperties) = preSolution
		HideSolutionNode = FALSE
	EndGlobalSection
	GlobalSection(ExtensibilityGlobals) = postSolution
		SolutionGuid = {F22E7AC2-9D5D-4ED6-B800-39D23AE4CBDB}
	EndGlobalSection
EndGlobal
